
Microsoft Visual Studio Solution File, Format Version 12.00
# Visual Studio Version 16
VisualStudioVersion = 16.0.29509.3
MinimumVisualStudioVersion = 10.0.40219.1
Project("{FAE04EC0-301F-11D3-BF4B-00C04F79EFBC}") = "RealWorldDesignPatterns", "RealWorldDesignPatterns\RealWorldDesignPatterns.csproj", "{26F88798-0BCF-4187-A913-ADC00C1B8218}"
EndProject
Global
	GlobalSection(SolutionConfigurationPlatforms) = preSolution
		Debug|Any CPU = Debug|Any CPU
		Release|Any CPU = Release|Any CPU
	EndGlobalSection
	GlobalSection(ProjectConfigurationPlatforms) = postSolution
		{26F88798-0BCF-4187-A913-ADC00C1B8218}.Debug|Any CPU.ActiveCfg = Debug|Any CPU
		{26F88798-0BCF-4187-A913-ADC00C1B8218}.Debug|Any CPU.Build.0 = Debug|Any CPU
		{26F88798-0BCF-4187-A913-ADC00C1B8218}.Release|Any CPU.ActiveCfg = Release|Any CPU
		{26F88798-0BCF-4187-A913-ADC00C1B8218}.Release|Any CPU.Build.0 = Release|Any CPU
	EndGlobalSection
	GlobalSection(SolutionProperties) = preSolution
		HideSolutionNode = FALSE
	EndGlobalSection
	GlobalSection(ExtensibilityGlobals) = postSolution
		SolutionGuid = {6B8B2D05-0F38-4168-B3F3-4402C44583C0}
	EndGlobalSection
EndGlobal
